
Microsoft Visual Studio Solution File, Format Version 12.00
# Visual Studio Version 17
VisualStudioVersion = 17.0.31919.166
MinimumVisualStudioVersion = 10.0.40219.1
Project("{FAE04EC0-301F-11D3-BF4B-00C04F79EFBC}") = "QuanlyhocsinhTHPT", "QuanlyhocsinhTHPT\QuanlyhocsinhTHPT.csproj", "{F69E8084-6AE0-46E6-9298-E1BBA75E998A}"
EndProject
Global
	GlobalSection(SolutionConfigurationPlatforms) = preSolution
		Debug|Any CPU = Debug|Any CPU
		Release|Any CPU = Release|Any CPU
	EndGlobalSection
	GlobalSection(ProjectConfigurationPlatforms) = postSolution
		{F69E8084-6AE0-46E6-9298-E1BBA75E998A}.Debug|Any CPU.ActiveCfg = Debug|Any CPU
		{F69E8084-6AE0-46E6-9298-E1BBA75E998A}.Debug|Any CPU.Build.0 = Debug|Any CPU
		{F69E8084-6AE0-46E6-9298-E1BBA75E998A}.Release|Any CPU.ActiveCfg = Release|Any CPU
		{F69E8084-6AE0-46E6-9298-E1BBA75E998A}.Release|Any CPU.Build.0 = Release|Any CPU
	EndGlobalSection
	GlobalSection(SolutionProperties) = preSolution
		HideSolutionNode = FALSE
	EndGlobalSection
	GlobalSection(ExtensibilityGlobals) = postSolution
		SolutionGuid = {850B8A37-D65C-46C1-B5A1-275A3C117A18}
	EndGlobalSection
EndGlobal
